// !$*UTF8*$!
{
	archiveVersion = 1;
	classes = {
	};
	objectVersion = 46;
	objects = {

/* Begin PBXBuildFile section */
		CCAA448F1EEA7F83006A3BC3 /* RNKakao.m in Sources */ = {isa = PBXBuildFile; fileRef = CCAA448E1EEA7F83006A3BC3 /* RNKakao.m */; };
		CCAA44901EEA7F83006A3BC3 /* RNKakao.h in CopyFiles */ = {isa = PBXBuildFile; fileRef = CCAA448D1EEA7F83006A3BC3 /* RNKakao.h */; };
		CCAA44971EEA7FF0006A3BC3 /* KakaoOpenSDK.framework in Frameworks */ = {isa = PBXBuildFile; fileRef = CCAA44961EEA7FF0006A3BC3 /* KakaoOpenSDK.framework */; };
/* End PBXBuildFile section */

/* Begin PBXCopyFilesBuildPhase section */
		CCAA44881EEA7F83006A3BC3 /* CopyFiles */ = {
			isa = PBXCopyFilesBuildPhase;
			buildActionMask = 2147483647;
			dstPath = "include/$(PRODUCT_NAME)";
			dstSubfolderSpec = 16;
			files = (
				CCAA44901EEA7F83006A3BC3 /* RNKakao.h in CopyFiles */,
			);
			runOnlyForDeploymentPostprocessing = 0;
		};
/* End PBXCopyFilesBuildPhase section */

/* Begin PBXFileReference section */
		CCAA448A1EEA7F83006A3BC3 /* libRNKakao.a */ = {isa = PBXFileReference; explicitFileType = archive.ar; includeInIndex = 0; path = libRNKakao.a; sourceTree = BUILT_PRODUCTS_DIR; };
		CCAA448D1EEA7F83006A3BC3 /* RNKakao.h */ = {isa = PBXFileReference; lastKnownFileType = sourcecode.c.h; path = RNKakao.h; sourceTree = "<group>"; };
		CCAA448E1EEA7F83006A3BC3 /* RNKakao.m */ = {isa = PBXFileReference; lastKnownFileType = sourcecode.c.objc; path = RNKakao.m; sourceTree = "<group>"; };
		CCAA44961EEA7FF0006A3BC3 /* KakaoOpenSDK.framework */ = {isa = PBXFileReference; lastKnownFileType = wrapper.framework; path = KakaoOpenSDK.framework; sourceTree = "<group>"; };
/* End PBXFileReference section */

/* Begin PBXFrameworksBuildPhase section */
		CCAA44871EEA7F83006A3BC3 /* Frameworks */ = {
			isa = PBXFrameworksBuildPhase;
			buildActionMask = 2147483647;
			files = (
				CCAA44971EEA7FF0006A3BC3 /* KakaoOpenSDK.framework in Frameworks */,
			);
			runOnlyForDeploymentPostprocessing = 0;
		};
/* End PBXFrameworksBuildPhase section */

/* Begin PBXGroup section */
		CCAA44811EEA7F83006A3BC3 = {
			isa = PBXGroup;
			children = (
				CCAA44961EEA7FF0006A3BC3 /* KakaoOpenSDK.framework */,
				CCAA448C1EEA7F83006A3BC3 /* RNKakao */,
				CCAA448B1EEA7F83006A3BC3 /* Products */,
			);
			sourceTree = "<group>";
		};
		CCAA448B1EEA7F83006A3BC3 /* Products */ = {
			isa = PBXGroup;
			children = (
				CCAA448A1EEA7F83006A3BC3 /* libRNKakao.a */,
			);
			name = Products;
			sourceTree = "<group>";
		};
		CCAA448C1EEA7F83006A3BC3 /* RNKakao */ = {
			isa = PBXGroup;
			children = (
				CCAA448D1EEA7F83006A3BC3 /* RNKakao.h */,
				CCAA448E1EEA7F83006A3BC3 /* RNKakao.m */,
			);
			path = RNKakao;
			sourceTree = "<group>";
		};
/* End PBXGroup section */

/* Begin PBXNativeTarget section */
		CCAA44891EEA7F83006A3BC3 /* RNKakao */ = {
			isa = PBXNativeTarget;
			buildConfigurationList = CCAA44931EEA7F83006A3BC3 /* Build configuration list for PBXNativeTarget "RNKakao" */;
			buildPhases = (
				CCAA44861EEA7F83006A3BC3 /* Sources */,
				CCAA44871EEA7F83006A3BC3 /* Frameworks */,
				CCAA44881EEA7F83006A3BC3 /* CopyFiles */,
			);
			buildRules = (
			);
			dependencies = (
			);
			name = RNKakao;
			productName = RNKakao;
			productReference = CCAA448A1EEA7F83006A3BC3 /* libRNKakao.a */;
			productType = "com.apple.product-type.library.static";
		};
/* End PBXNativeTarget section */

/* Begin PBXProject section */
		CCAA44821EEA7F83006A3BC3 /* Project object */ = {
			isa = PBXProject;
			attributes = {
				LastUpgradeCheck = 0830;
				ORGANIZATIONNAME = byandus;
				TargetAttributes = {
					CCAA44891EEA7F83006A3BC3 = {
						CreatedOnToolsVersion = 8.3.2;
						DevelopmentTeam = Y32PX58E3Q;
						ProvisioningStyle = Automatic;
					};
				};
			};
			buildConfigurationList = CCAA44851EEA7F83006A3BC3 /* Build configuration list for PBXProject "RNKakao" */;
			compatibilityVersion = "Xcode 3.2";
			developmentRegion = English;
			hasScannedForEncodings = 0;
			knownRegions = (
				en,
			);
			mainGroup = CCAA44811EEA7F83006A3BC3;
			productRefGroup = CCAA448B1EEA7F83006A3BC3 /* Products */;
			projectDirPath = "";
			projectRoot = "";
			targets = (
				CCAA44891EEA7F83006A3BC3 /* RNKakao */,
			);
		};
/* End PBXProject section */

/* Begin PBXSourcesBuildPhase section */
		CCAA44861EEA7F83006A3BC3 /* Sources */ = {
			isa = PBXSourcesBuildPhase;
			buildActionMask = 2147483647;
			files = (
				CCAA448F1EEA7F83006A3BC3 /* RNKakao.m in Sources */,
			);
			runOnlyForDeploymentPostprocessing = 0;
		};
/* End PBXSourcesBuildPhase section */

/* Begin XCBuildConfiguration section */
		CCAA44911EEA7F83006A3BC3 /* Debug */ = {
			isa = XCBuildConfiguration;
			buildSettings = {
				ALWAYS_SEARCH_USER_PATHS = NO;
				CLANG_ANALYZER_NONNULL = YES;
				CLANG_ANALYZER_NUMBER_OBJECT_CONVERSION = YES_AGGRESSIVE;
				CLANG_CXX_LANGUAGE_STANDARD = "gnu++0x";
				CLANG_CXX_LIBRARY = "libc++";
				CLANG_ENABLE_MODULES = YES;
				CLANG_ENABLE_OBJC_ARC = YES;
				CLANG_WARN_BOOL_CONVERSION = YES;
				CLANG_WARN_CONSTANT_CONVERSION = YES;
				CLANG_WARN_DIRECT_OBJC_ISA_USAGE = YES_ERROR;
				CLANG_WARN_DOCUMENTATION_COMMENTS = YES;
				CLANG_WARN_EMPTY_BODY = YES;
				CLANG_WARN_ENUM_CONVERSION = YES;
				CLANG_WARN_INFINITE_RECURSION = YES;
				CLANG_WARN_INT_CONVERSION = YES;
				CLANG_WARN_OBJC_ROOT_CLASS = YES_ERROR;
				CLANG_WARN_SUSPICIOUS_MOVE = YES;
				CLANG_WARN_UNREACHABLE_CODE = YES;
				CLANG_WARN__DUPLICATE_METHOD_MATCH = YES;
				"CODE_SIGN_IDENTITY[sdk=iphoneos*]" = "iPhone Developer";
				COPY_PHASE_STRIP = NO;
				DEBUG_INFORMATION_FORMAT = dwarf;
				ENABLE_STRICT_OBJC_MSGSEND = YES;
				ENABLE_TESTABILITY = YES;
				GCC_C_LANGUAGE_STANDARD = gnu99;
				GCC_DYNAMIC_NO_PIC = NO;
				GCC_NO_COMMON_BLOCKS = YES;
				GCC_OPTIMIZATION_LEVEL = 0;
				GCC_PREPROCESSOR_DEFINITIONS = (
					"DEBUG=1",
					"$(inherited)",
				);
				GCC_WARN_64_TO_32_BIT_CONVERSION = YES;
				GCC_WARN_ABOUT_RETURN_TYPE = YES_ERROR;
				GCC_WARN_UNDECLARED_SELECTOR = YES;
				GCC_WARN_UNINITIALIZED_AUTOS = YES_AGGRESSIVE;
				GCC_WARN_UNUSED_FUNCTION = YES;
				GCC_WARN_UNUSED_VARIABLE = YES;
				IPHONEOS_DEPLOYMENT_TARGET = 10.3;
				MTL_ENABLE_DEBUG_INFO = YES;
				ONLY_ACTIVE_ARCH = YES;
				SDKROOT = iphoneos;
			};
			name = Debug;
		};
		CCAA44921EEA7F83006A3BC3 /* Release */ = {
			isa = XCBuildConfiguration;
			buildSettings = {
				ALWAYS_SEARCH_USER_PATHS = NO;
				CLANG_ANALYZER_NONNULL = YES;
				CLANG_ANALYZER_NUMBER_OBJECT_CONVERSION = YES_AGGRESSIVE;
				CLANG_CXX_LANGUAGE_STANDARD = "gnu++0x";
				CLANG_CXX_LIBRARY = "libc++";
				CLANG_ENABLE_MODULES = YES;
				CLANG_ENABLE_OBJC_ARC = YES;
				CLANG_WARN_BOOL_CONVERSION = YES;
				CLANG_WARN_CONSTANT_CONVERSION = YES;
				CLANG_WARN_DIRECT_OBJC_ISA_USAGE = YES_ERROR;
				CLANG_WARN_DOCUMENTATION_COMMENTS = YES;
				CLANG_WARN_EMPTY_BODY = YES;
				CLANG_WARN_ENUM_CONVERSION = YES;
				CLANG_WARN_INFINITE_RECURSION = YES;
				CLANG_WARN_INT_CONVERSION = YES;
				CLANG_WARN_OBJC_ROOT_CLASS = YES_ERROR;
				CLANG_WARN_SUSPICIOUS_MOVE = YES;
				CLANG_WARN_UNREACHABLE_CODE = YES;
				CLANG_WARN__DUPLICATE_METHOD_MATCH = YES;
				"CODE_SIGN_IDENTITY[sdk=iphoneos*]" = "iPhone Developer";
				COPY_PHASE_STRIP = NO;
				DEBUG_INFORMATION_FORMAT = "dwarf-with-dsym";
				ENABLE_NS_ASSERTIONS = NO;
				ENABLE_STRICT_OBJC_MSGSEND = YES;
				GCC_C_LANGUAGE_STANDARD = gnu99;
				GCC_NO_COMMON_BLOCKS = YES;
				GCC_WARN_64_TO_32_BIT_CONVERSION = YES;
				GCC_WARN_ABOUT_RETURN_TYPE = YES_ERROR;
				GCC_WARN_UNDECLARED_SELECTOR = YES;
				GCC_WARN_UNINITIALIZED_AUTOS = YES_AGGRESSIVE;
				GCC_WARN_UNUSED_FUNCTION = YES;
				GCC_WARN_UNUSED_VARIABLE = YES;
				IPHONEOS_DEPLOYMENT_TARGET = 10.3;
				MTL_ENABLE_DEBUG_INFO = NO;
				SDKROOT = iphoneos;
				VALIDATE_PRODUCT = YES;
			};
			name = Release;
		};
		CCAA44941EEA7F83006A3BC3 /* Debug */ = {
			isa = XCBuildConfiguration;
			buildSettings = {
				DEVELOPMENT_TEAM = Y32PX58E3Q;
				FRAMEWORK_SEARCH_PATHS = (
					"$(inherited)",
					"$(PROJECT_DIR)",
				);
				HEADER_SEARCH_PATHS = "$(SRCROOT)/../node_modules/react-native/**";
				OTHER_LDFLAGS = (
					"-ObjC",
					"-all_load",
				);
				PRODUCT_NAME = "$(TARGET_NAME)";
				SKIP_INSTALL = YES;
			};
			name = Debug;
		};
		CCAA44951EEA7F83006A3BC3 /* Release */ = {
			isa = XCBuildConfiguration;
			buildSettings = {
				DEVELOPMENT_TEAM = Y32PX58E3Q;
				FRAMEWORK_SEARCH_PATHS = (
					"$(inherited)",
					"$(PROJECT_DIR)",
				);
				HEADER_SEARCH_PATHS = "$(SRCROOT)/../node_modules/react-native/**";
				OTHER_LDFLAGS = (
					"-ObjC",
					"-all_load",
				);
				PRODUCT_NAME = "$(TARGET_NAME)";
				SKIP_INSTALL = YES;
			};
			name = Release;
		};
/* End XCBuildConfiguration section */

/* Begin XCConfigurationList section */
		CCAA44851EEA7F83006A3BC3 /* Build configuration list for PBXProject "RNKakao" */ = {
			isa = XCConfigurationList;
			buildConfigurations = (
				CCAA44911EEA7F83006A3BC3 /* Debug */,
				CCAA44921EEA7F83006A3BC3 /* Release */,
			);
			defaultConfigurationIsVisible = 0;
			defaultConfigurationName = Release;
		};
		CCAA44931EEA7F83006A3BC3 /* Build configuration list for PBXNativeTarget "RNKakao" */ = {
			isa = XCConfigurationList;
			buildConfigurations = (
				CCAA44941EEA7F83006A3BC3 /* Debug */,
				CCAA44951EEA7F83006A3BC3 /* Release */,
			);
			defaultConfigurationIsVisible = 0;
			defaultConfigurationName = Release;
		};
/* End XCConfigurationList section */
	};
	rootObject = CCAA44821EEA7F83006A3BC3 /* Project object */;
}
